
Microsoft Visual Studio Solution File, Format Version 12.00
# Visual Studio Version 16
VisualStudioVersion = 16.0.29001.49
MinimumVisualStudioVersion = 10.0.40219.1
Project("{8BC9CEB8-8B4A-11D0-8D11-00A0C91BC942}") = "18-9", "18-9.vcxproj", "{A6D6E968-1950-4022-987A-219998D51852}"
EndProject
Global
	GlobalSection(SolutionConfigurationPlatforms) = preSolution
		Debug|x64 = Debug|x64
		Debug|x86 = Debug|x86
		Release|x64 = Release|x64
		Release|x86 = Release|x86
	EndGlobalSection
	GlobalSection(ProjectConfigurationPlatforms) = postSolution
		{A6D6E968-1950-4022-987A-219998D51852}.Debug|x64.ActiveCfg = Debug|x64
		{A6D6E968-1950-4022-987A-219998D51852}.Debug|x64.Build.0 = Debug|x64
		{A6D6E968-1950-4022-987A-219998D51852}.Debug|x86.ActiveCfg = Debug|Win32
		{A6D6E968-1950-4022-987A-219998D51852}.Debug|x86.Build.0 = Debug|Win32
		{A6D6E968-1950-4022-987A-219998D51852}.Release|x64.ActiveCfg = Release|x64
		{A6D6E968-1950-4022-987A-219998D51852}.Release|x64.Build.0 = Release|x64
		{A6D6E968-1950-4022-987A-219998D51852}.Release|x86.ActiveCfg = Release|Win32
		{A6D6E968-1950-4022-987A-219998D51852}.Release|x86.Build.0 = Release|Win32
	EndGlobalSection
	GlobalSection(SolutionProperties) = preSolution
		HideSolutionNode = FALSE
	EndGlobalSection
	GlobalSection(ExtensibilityGlobals) = postSolution
		SolutionGuid = {1D066FAC-E4FF-4D3B-AED0-2DE0E130F061}
	EndGlobalSection
EndGlobal
