
Microsoft Visual Studio Solution File, Format Version 12.00
# Visual Studio Version 16
VisualStudioVersion = 16.0.29001.49
MinimumVisualStudioVersion = 10.0.40219.1
Project("{8BC9CEB8-8B4A-11D0-8D11-00A0C91BC942}") = "5-3", "5-3.vcxproj", "{EAD9CBD1-BF0A-43E8-B338-BE548CFCF1BF}"
EndProject
Global
	GlobalSection(SolutionConfigurationPlatforms) = preSolution
		Debug|x64 = Debug|x64
		Debug|x86 = Debug|x86
		Release|x64 = Release|x64
		Release|x86 = Release|x86
	EndGlobalSection
	GlobalSection(ProjectConfigurationPlatforms) = postSolution
		{EAD9CBD1-BF0A-43E8-B338-BE548CFCF1BF}.Debug|x64.ActiveCfg = Debug|x64
		{EAD9CBD1-BF0A-43E8-B338-BE548CFCF1BF}.Debug|x64.Build.0 = Debug|x64
		{EAD9CBD1-BF0A-43E8-B338-BE548CFCF1BF}.Debug|x86.ActiveCfg = Debug|Win32
		{EAD9CBD1-BF0A-43E8-B338-BE548CFCF1BF}.Debug|x86.Build.0 = Debug|Win32
		{EAD9CBD1-BF0A-43E8-B338-BE548CFCF1BF}.Release|x64.ActiveCfg = Release|x64
		{EAD9CBD1-BF0A-43E8-B338-BE548CFCF1BF}.Release|x64.Build.0 = Release|x64
		{EAD9CBD1-BF0A-43E8-B338-BE548CFCF1BF}.Release|x86.ActiveCfg = Release|Win32
		{EAD9CBD1-BF0A-43E8-B338-BE548CFCF1BF}.Release|x86.Build.0 = Release|Win32
	EndGlobalSection
	GlobalSection(SolutionProperties) = preSolution
		HideSolutionNode = FALSE
	EndGlobalSection
	GlobalSection(ExtensibilityGlobals) = postSolution
		SolutionGuid = {C46F4CED-8499-423C-BC63-F5732D2623C2}
	EndGlobalSection
EndGlobal
