
Microsoft Visual Studio Solution File, Format Version 12.00
# Visual Studio Version 16
VisualStudioVersion = 16.0.29001.49
MinimumVisualStudioVersion = 10.0.40219.1
Project("{8BC9CEB8-8B4A-11D0-8D11-00A0C91BC942}") = "4-3", "4-3.vcxproj", "{9C07090B-FAE1-48B9-A116-48348400585B}"
EndProject
Global
	GlobalSection(SolutionConfigurationPlatforms) = preSolution
		Debug|x64 = Debug|x64
		Debug|x86 = Debug|x86
		Release|x64 = Release|x64
		Release|x86 = Release|x86
	EndGlobalSection
	GlobalSection(ProjectConfigurationPlatforms) = postSolution
		{9C07090B-FAE1-48B9-A116-48348400585B}.Debug|x64.ActiveCfg = Debug|x64
		{9C07090B-FAE1-48B9-A116-48348400585B}.Debug|x64.Build.0 = Debug|x64
		{9C07090B-FAE1-48B9-A116-48348400585B}.Debug|x86.ActiveCfg = Debug|Win32
		{9C07090B-FAE1-48B9-A116-48348400585B}.Debug|x86.Build.0 = Debug|Win32
		{9C07090B-FAE1-48B9-A116-48348400585B}.Release|x64.ActiveCfg = Release|x64
		{9C07090B-FAE1-48B9-A116-48348400585B}.Release|x64.Build.0 = Release|x64
		{9C07090B-FAE1-48B9-A116-48348400585B}.Release|x86.ActiveCfg = Release|Win32
		{9C07090B-FAE1-48B9-A116-48348400585B}.Release|x86.Build.0 = Release|Win32
	EndGlobalSection
	GlobalSection(SolutionProperties) = preSolution
		HideSolutionNode = FALSE
	EndGlobalSection
	GlobalSection(ExtensibilityGlobals) = postSolution
		SolutionGuid = {9E78399B-A0B2-40F3-9157-765CBF16DB9A}
	EndGlobalSection
EndGlobal
